
Microsoft Visual Studio Solution File, Format Version 12.00
# Visual Studio Version 16
VisualStudioVersion = 16.0.30907.101
MinimumVisualStudioVersion = 10.0.40219.1
Project("{FAE04EC0-301F-11D3-BF4B-00C04F79EFBC}") = "GameDemo", "GameDemo\GameDemo.csproj", "{D1E12B54-2C8B-484E-8833-6EF801AE3397}"
EndProject
Global
	GlobalSection(SolutionConfigurationPlatforms) = preSolution
		Debug|Any CPU = Debug|Any CPU
		Release|Any CPU = Release|Any CPU
	EndGlobalSection
	GlobalSection(ProjectConfigurationPlatforms) = postSolution
		{D1E12B54-2C8B-484E-8833-6EF801AE3397}.Debug|Any CPU.ActiveCfg = Debug|Any CPU
		{D1E12B54-2C8B-484E-8833-6EF801AE3397}.Debug|Any CPU.Build.0 = Debug|Any CPU
		{D1E12B54-2C8B-484E-8833-6EF801AE3397}.Release|Any CPU.ActiveCfg = Release|Any CPU
		{D1E12B54-2C8B-484E-8833-6EF801AE3397}.Release|Any CPU.Build.0 = Release|Any CPU
	EndGlobalSection
	GlobalSection(SolutionProperties) = preSolution
		HideSolutionNode = FALSE
	EndGlobalSection
	GlobalSection(ExtensibilityGlobals) = postSolution
		SolutionGuid = {54EA8B56-86F5-4FE3-8797-670B7C87119E}
	EndGlobalSection
EndGlobal
